
Microsoft Visual Studio Solution File, Format Version 12.00
# Visual Studio 15
VisualStudioVersion = 15.0.28307.1022
MinimumVisualStudioVersion = 10.0.40219.1
Project("{FAE04EC0-301F-11D3-BF4B-00C04F79EFBC}") = "OnlineShop", "OnlineShop\OnlineShop.csproj", "{B4037C4D-0533-43C5-B5CF-8D60D65917EE}"
EndProject
Project("{FAE04EC0-301F-11D3-BF4B-00C04F79EFBC}") = "Model", "Model\Model.csproj", "{F88B87DF-B8B2-40F9-BC7E-A1AFDFE13F56}"
EndProject
Global
	GlobalSection(SolutionConfigurationPlatforms) = preSolution
		Debug|Any CPU = Debug|Any CPU
		Release|Any CPU = Release|Any CPU
	EndGlobalSection
	GlobalSection(ProjectConfigurationPlatforms) = postSolution
		{B4037C4D-0533-43C5-B5CF-8D60D65917EE}.Debug|Any CPU.ActiveCfg = Debug|Any CPU
		{B4037C4D-0533-43C5-B5CF-8D60D65917EE}.Debug|Any CPU.Build.0 = Debug|Any CPU
		{B4037C4D-0533-43C5-B5CF-8D60D65917EE}.Release|Any CPU.ActiveCfg = Release|Any CPU
		{B4037C4D-0533-43C5-B5CF-8D60D65917EE}.Release|Any CPU.Build.0 = Release|Any CPU
		{F88B87DF-B8B2-40F9-BC7E-A1AFDFE13F56}.Debug|Any CPU.ActiveCfg = Debug|Any CPU
		{F88B87DF-B8B2-40F9-BC7E-A1AFDFE13F56}.Debug|Any CPU.Build.0 = Debug|Any CPU
		{F88B87DF-B8B2-40F9-BC7E-A1AFDFE13F56}.Release|Any CPU.ActiveCfg = Release|Any CPU
		{F88B87DF-B8B2-40F9-BC7E-A1AFDFE13F56}.Release|Any CPU.Build.0 = Release|Any CPU
	EndGlobalSection
	GlobalSection(SolutionProperties) = preSolution
		HideSolutionNode = FALSE
	EndGlobalSection
	GlobalSection(ExtensibilityGlobals) = postSolution
		SolutionGuid = {1FAD0E61-DB03-4CBB-8DFE-39B484A83831}
	EndGlobalSection
EndGlobal
